// !$*UTF8*$!
{
	archiveVersion = 1;
	classes = {
	};
	objectVersion = 55;
	objects = {

/* Begin PBXBuildFile section */
		06495CFC2771C9B70003D502 /* AppDelegate.swift in Sources */ = {isa = PBXBuildFile; fileRef = 06495CFB2771C9B70003D502 /* AppDelegate.swift */; };
		06495CFE2771C9B70003D502 /* SceneDelegate.swift in Sources */ = {isa = PBXBuildFile; fileRef = 06495CFD2771C9B70003D502 /* SceneDelegate.swift */; };
		06495D002771C9B70003D502 /* ViewController.swift in Sources */ = {isa = PBXBuildFile; fileRef = 06495CFF2771C9B70003D502 /* ViewController.swift */; };
		06495D032771C9B70003D502 /* Main.storyboard in Resources */ = {isa = PBXBuildFile; fileRef = 06495D012771C9B70003D502 /* Main.storyboard */; };
		06495D052771C9B90003D502 /* Assets.xcassets in Resources */ = {isa = PBXBuildFile; fileRef = 06495D042771C9B90003D502 /* Assets.xcassets */; };
		06495D082771C9B90003D502 /* LaunchScreen.storyboard in Resources */ = {isa = PBXBuildFile; fileRef = 06495D062771C9B90003D502 /* LaunchScreen.storyboard */; };
		06495D132771C9B90003D502 /* bobTests.swift in Sources */ = {isa = PBXBuildFile; fileRef = 06495D122771C9B90003D502 /* bobTests.swift */; };
		06495D1D2771C9B90003D502 /* bobUITests.swift in Sources */ = {isa = PBXBuildFile; fileRef = 06495D1C2771C9B90003D502 /* bobUITests.swift */; };
		06495D1F2771C9B90003D502 /* bobUITestsLaunchTests.swift in Sources */ = {isa = PBXBuildFile; fileRef = 06495D1E2771C9B90003D502 /* bobUITestsLaunchTests.swift */; };
/* End PBXBuildFile section */

/* Begin PBXContainerItemProxy section */
		06495D0F2771C9B90003D502 /* PBXContainerItemProxy */ = {
			isa = PBXContainerItemProxy;
			containerPortal = 06495CF02771C9B70003D502 /* Project object */;
			proxyType = 1;
			remoteGlobalIDString = 06495CF72771C9B70003D502;
			remoteInfo = bob;
		};
		06495D192771C9B90003D502 /* PBXContainerItemProxy */ = {
			isa = PBXContainerItemProxy;
			containerPortal = 06495CF02771C9B70003D502 /* Project object */;
			proxyType = 1;
			remoteGlobalIDString = 06495CF72771C9B70003D502;
			remoteInfo = bob;
		};
/* End PBXContainerItemProxy section */

/* Begin PBXFileReference section */
		06495CF82771C9B70003D502 /* bob.app */ = {isa = PBXFileReference; explicitFileType = wrapper.application; includeInIndex = 0; path = bob.app; sourceTree = BUILT_PRODUCTS_DIR; };
		06495CFB2771C9B70003D502 /* AppDelegate.swift */ = {isa = PBXFileReference; lastKnownFileType = sourcecode.swift; path = AppDelegate.swift; sourceTree = "<group>"; };
		06495CFD2771C9B70003D502 /* SceneDelegate.swift */ = {isa = PBXFileReference; lastKnownFileType = sourcecode.swift; path = SceneDelegate.swift; sourceTree = "<group>"; };
		06495CFF2771C9B70003D502 /* ViewController.swift */ = {isa = PBXFileReference; lastKnownFileType = sourcecode.swift; path = ViewController.swift; sourceTree = "<group>"; };
		06495D022771C9B70003D502 /* Base */ = {isa = PBXFileReference; lastKnownFileType = file.storyboard; name = Base; path = Base.lproj/Main.storyboard; sourceTree = "<group>"; };
		06495D042771C9B90003D502 /* Assets.xcassets */ = {isa = PBXFileReference; lastKnownFileType = folder.assetcatalog; path = Assets.xcassets; sourceTree = "<group>"; };
		06495D072771C9B90003D502 /* Base */ = {isa = PBXFileReference; lastKnownFileType = file.storyboard; name = Base; path = Base.lproj/LaunchScreen.storyboard; sourceTree = "<group>"; };
		06495D092771C9B90003D502 /* Info.plist */ = {isa = PBXFileReference; lastKnownFileType = text.plist.xml; path = Info.plist; sourceTree = "<group>"; };
		06495D0E2771C9B90003D502 /* bobTests.xctest */ = {isa = PBXFileReference; explicitFileType = wrapper.cfbundle; includeInIndex = 0; path = bobTests.xctest; sourceTree = BUILT_PRODUCTS_DIR; };
		06495D122771C9B90003D502 /* bobTests.swift */ = {isa = PBXFileReference; lastKnownFileType = sourcecode.swift; path = bobTests.swift; sourceTree = "<group>"; };
		06495D182771C9B90003D502 /* bobUITests.xctest */ = {isa = PBXFileReference; explicitFileType = wrapper.cfbundle; includeInIndex = 0; path = bobUITests.xctest; sourceTree = BUILT_PRODUCTS_DIR; };
		06495D1C2771C9B90003D502 /* bobUITests.swift */ = {isa = PBXFileReference; lastKnownFileType = sourcecode.swift; path = bobUITests.swift; sourceTree = "<group>"; };
		06495D1E2771C9B90003D502 /* bobUITestsLaunchTests.swift */ = {isa = PBXFileReference; lastKnownFileType = sourcecode.swift; path = bobUITestsLaunchTests.swift; sourceTree = "<group>"; };
/* End PBXFileReference section */

/* Begin PBXFrameworksBuildPhase section */
		06495CF52771C9B70003D502 /* Frameworks */ = {
			isa = PBXFrameworksBuildPhase;
			buildActionMask = 2147483647;
			files = (
			);
			runOnlyForDeploymentPostprocessing = 0;
		};
		06495D0B2771C9B90003D502 /* Frameworks */ = {
			isa = PBXFrameworksBuildPhase;
			buildActionMask = 2147483647;
			files = (
			);
			runOnlyForDeploymentPostprocessing = 0;
		};
		06495D152771C9B90003D502 /* Frameworks */ = {
			isa = PBXFrameworksBuildPhase;
			buildActionMask = 2147483647;
			files = (
			);
			runOnlyForDeploymentPostprocessing = 0;
		};
/* End PBXFrameworksBuildPhase section */

/* Begin PBXGroup section */
		06495CEF2771C9B70003D502 = {
			isa = PBXGroup;
			children = (
				06495CFA2771C9B70003D502 /* bob */,
				06495D112771C9B90003D502 /* bobTests */,
				06495D1B2771C9B90003D502 /* bobUITests */,
				06495CF92771C9B70003D502 /* Products */,
			);
			sourceTree = "<group>";
		};
		06495CF92771C9B70003D502 /* Products */ = {
			isa = PBXGroup;
			children = (
				06495CF82771C9B70003D502 /* bob.app */,
				06495D0E2771C9B90003D502 /* bobTests.xctest */,
				06495D182771C9B90003D502 /* bobUITests.xctest */,
			);
			name = Products;
			sourceTree = "<group>";
		};
		06495CFA2771C9B70003D502 /* bob */ = {
			isa = PBXGroup;
			children = (
				06495CFB2771C9B70003D502 /* AppDelegate.swift */,
				06495CFD2771C9B70003D502 /* SceneDelegate.swift */,
				06495CFF2771C9B70003D502 /* ViewController.swift */,
				06495D012771C9B70003D502 /* Main.storyboard */,
				06495D042771C9B90003D502 /* Assets.xcassets */,
				06495D062771C9B90003D502 /* LaunchScreen.storyboard */,
				06495D092771C9B90003D502 /* Info.plist */,
			);
			path = bob;
			sourceTree = "<group>";
		};
		06495D112771C9B90003D502 /* bobTests */ = {
			isa = PBXGroup;
			children = (
				06495D122771C9B90003D502 /* bobTests.swift */,
			);
			path = bobTests;
			sourceTree = "<group>";
		};
		06495D1B2771C9B90003D502 /* bobUITests */ = {
			isa = PBXGroup;
			children = (
				06495D1C2771C9B90003D502 /* bobUITests.swift */,
				06495D1E2771C9B90003D502 /* bobUITestsLaunchTests.swift */,
			);
			path = bobUITests;
			sourceTree = "<group>";
		};
/* End PBXGroup section */

/* Begin PBXNativeTarget section */
		06495CF72771C9B70003D502 /* bob */ = {
			isa = PBXNativeTarget;
			buildConfigurationList = 06495D222771C9B90003D502 /* Build configuration list for PBXNativeTarget "bob" */;
			buildPhases = (
				06495CF42771C9B70003D502 /* Sources */,
				06495CF52771C9B70003D502 /* Frameworks */,
				06495CF62771C9B70003D502 /* Resources */,
			);
			buildRules = (
			);
			dependencies = (
			);
			name = bob;
			productName = bob;
			productReference = 06495CF82771C9B70003D502 /* bob.app */;
			productType = "com.apple.product-type.application";
		};
		06495D0D2771C9B90003D502 /* bobTests */ = {
			isa = PBXNativeTarget;
			buildConfigurationList = 06495D252771C9B90003D502 /* Build configuration list for PBXNativeTarget "bobTests" */;
			buildPhases = (
				06495D0A2771C9B90003D502 /* Sources */,
				06495D0B2771C9B90003D502 /* Frameworks */,
				06495D0C2771C9B90003D502 /* Resources */,
			);
			buildRules = (
			);
			dependencies = (
				06495D102771C9B90003D502 /* PBXTargetDependency */,
			);
			name = bobTests;
			productName = bobTests;
			productReference = 06495D0E2771C9B90003D502 /* bobTests.xctest */;
			productType = "com.apple.product-type.bundle.unit-test";
		};
		06495D172771C9B90003D502 /* bobUITests */ = {
			isa = PBXNativeTarget;
			buildConfigurationList = 06495D282771C9B90003D502 /* Build configuration list for PBXNativeTarget "bobUITests" */;
			buildPhases = (
				06495D142771C9B90003D502 /* Sources */,
				06495D152771C9B90003D502 /* Frameworks */,
				06495D162771C9B90003D502 /* Resources */,
			);
			buildRules = (
			);
			dependencies = (
				06495D1A2771C9B90003D502 /* PBXTargetDependency */,
			);
			name = bobUITests;
			productName = bobUITests;
			productReference = 06495D182771C9B90003D502 /* bobUITests.xctest */;
			productType = "com.apple.product-type.bundle.ui-testing";
		};
/* End PBXNativeTarget section */

/* Begin PBXProject section */
		06495CF02771C9B70003D502 /* Project object */ = {
			isa = PBXProject;
			attributes = {
				BuildIndependentTargetsInParallel = 1;
				LastSwiftUpdateCheck = 1300;
				LastUpgradeCheck = 1300;
				TargetAttributes = {
					06495CF72771C9B70003D502 = {
						CreatedOnToolsVersion = 13.0;
					};
					06495D0D2771C9B90003D502 = {
						CreatedOnToolsVersion = 13.0;
						TestTargetID = 06495CF72771C9B70003D502;
					};
					06495D172771C9B90003D502 = {
						CreatedOnToolsVersion = 13.0;
						TestTargetID = 06495CF72771C9B70003D502;
					};
				};
			};
			buildConfigurationList = 06495CF32771C9B70003D502 /* Build configuration list for PBXProject "bob" */;
			compatibilityVersion = "Xcode 13.0";
			developmentRegion = en;
			hasScannedForEncodings = 0;
			knownRegions = (
				en,
				Base,
			);
			mainGroup = 06495CEF2771C9B70003D502;
			productRefGroup = 06495CF92771C9B70003D502 /* Products */;
			projectDirPath = "";
			projectRoot = "";
			targets = (
				06495CF72771C9B70003D502 /* bob */,
				06495D0D2771C9B90003D502 /* bobTests */,
				06495D172771C9B90003D502 /* bobUITests */,
			);
		};
/* End PBXProject section */

/* Begin PBXResourcesBuildPhase section */
		06495CF62771C9B70003D502 /* Resources */ = {
			isa = PBXResourcesBuildPhase;
			buildActionMask = 2147483647;
			files = (
				06495D082771C9B90003D502 /* LaunchScreen.storyboard in Resources */,
				06495D052771C9B90003D502 /* Assets.xcassets in Resources */,
				06495D032771C9B70003D502 /* Main.storyboard in Resources */,
			);
			runOnlyForDeploymentPostprocessing = 0;
		};
		06495D0C2771C9B90003D502 /* Resources */ = {
			isa = PBXResourcesBuildPhase;
			buildActionMask = 2147483647;
			files = (
			);
			runOnlyForDeploymentPostprocessing = 0;
		};
		06495D162771C9B90003D502 /* Resources */ = {
			isa = PBXResourcesBuildPhase;
			buildActionMask = 2147483647;
			files = (
			);
			runOnlyForDeploymentPostprocessing = 0;
		};
/* End PBXResourcesBuildPhase section */

/* Begin PBXSourcesBuildPhase section */
		06495CF42771C9B70003D502 /* Sources */ = {
			isa = PBXSourcesBuildPhase;
			buildActionMask = 2147483647;
			files = (
				06495D002771C9B70003D502 /* ViewController.swift in Sources */,
				06495CFC2771C9B70003D502 /* AppDelegate.swift in Sources */,
				06495CFE2771C9B70003D502 /* SceneDelegate.swift in Sources */,
			);
			runOnlyForDeploymentPostprocessing = 0;
		};
		06495D0A2771C9B90003D502 /* Sources */ = {
			isa = PBXSourcesBuildPhase;
			buildActionMask = 2147483647;
			files = (
				06495D132771C9B90003D502 /* bobTests.swift in Sources */,
			);
			runOnlyForDeploymentPostprocessing = 0;
		};
		06495D142771C9B90003D502 /* Sources */ = {
			isa = PBXSourcesBuildPhase;
			buildActionMask = 2147483647;
			files = (
				06495D1F2771C9B90003D502 /* bobUITestsLaunchTests.swift in Sources */,
				06495D1D2771C9B90003D502 /* bobUITests.swift in Sources */,
			);
			runOnlyForDeploymentPostprocessing = 0;
		};
/* End PBXSourcesBuildPhase section */

/* Begin PBXTargetDependency section */
		06495D102771C9B90003D502 /* PBXTargetDependency */ = {
			isa = PBXTargetDependency;
			target = 06495CF72771C9B70003D502 /* bob */;
			targetProxy = 06495D0F2771C9B90003D502 /* PBXContainerItemProxy */;
		};
		06495D1A2771C9B90003D502 /* PBXTargetDependency */ = {
			isa = PBXTargetDependency;
			target = 06495CF72771C9B70003D502 /* bob */;
			targetProxy = 06495D192771C9B90003D502 /* PBXContainerItemProxy */;
		};
/* End PBXTargetDependency section */

/* Begin PBXVariantGroup section */
		06495D012771C9B70003D502 /* Main.storyboard */ = {
			isa = PBXVariantGroup;
			children = (
				06495D022771C9B70003D502 /* Base */,
			);
			name = Main.storyboard;
			sourceTree = "<group>";
		};
		06495D062771C9B90003D502 /* LaunchScreen.storyboard */ = {
			isa = PBXVariantGroup;
			children = (
				06495D072771C9B90003D502 /* Base */,
			);
			name = LaunchScreen.storyboard;
			sourceTree = "<group>";
		};
/* End PBXVariantGroup section */

/* Begin XCBuildConfiguration section */
		06495D202771C9B90003D502 /* Debug */ = {
			isa = XCBuildConfiguration;
			buildSettings = {
				ALWAYS_SEARCH_USER_PATHS = NO;
				CLANG_ANALYZER_NONNULL = YES;
				CLANG_ANALYZER_NUMBER_OBJECT_CONVERSION = YES_AGGRESSIVE;
				CLANG_CXX_LANGUAGE_STANDARD = "gnu++17";
				CLANG_CXX_LIBRARY = "libc++";
				CLANG_ENABLE_MODULES = YES;
				CLANG_ENABLE_OBJC_ARC = YES;
				CLANG_ENABLE_OBJC_WEAK = YES;
				CLANG_WARN_BLOCK_CAPTURE_AUTORELEASING = YES;
				CLANG_WARN_BOOL_CONVERSION = YES;
				CLANG_WARN_COMMA = YES;
				CLANG_WARN_CONSTANT_CONVERSION = YES;
				CLANG_WARN_DEPRECATED_OBJC_IMPLEMENTATIONS = YES;
				CLANG_WARN_DIRECT_OBJC_ISA_USAGE = YES_ERROR;
				CLANG_WARN_DOCUMENTATION_COMMENTS = YES;
				CLANG_WARN_EMPTY_BODY = YES;
				CLANG_WARN_ENUM_CONVERSION = YES;
				CLANG_WARN_INFINITE_RECURSION = YES;
				CLANG_WARN_INT_CONVERSION = YES;
				CLANG_WARN_NON_LITERAL_NULL_CONVERSION = YES;
				CLANG_WARN_OBJC_IMPLICIT_RETAIN_SELF = YES;
				CLANG_WARN_OBJC_LITERAL_CONVERSION = YES;
				CLANG_WARN_OBJC_ROOT_CLASS = YES_ERROR;
				CLANG_WARN_QUOTED_INCLUDE_IN_FRAMEWORK_HEADER = YES;
				CLANG_WARN_RANGE_LOOP_ANALYSIS = YES;
				CLANG_WARN_STRICT_PROTOTYPES = YES;
				CLANG_WARN_SUSPICIOUS_MOVE = YES;
				CLANG_WARN_UNGUARDED_AVAILABILITY = YES_AGGRESSIVE;
				CLANG_WARN_UNREACHABLE_CODE = YES;
				CLANG_WARN__DUPLICATE_METHOD_MATCH = YES;
				COPY_PHASE_STRIP = NO;
				DEBUG_INFORMATION_FORMAT = dwarf;
				ENABLE_STRICT_OBJC_MSGSEND = YES;
				ENABLE_TESTABILITY = YES;
				GCC_C_LANGUAGE_STANDARD = gnu11;
				GCC_DYNAMIC_NO_PIC = NO;
				GCC_NO_COMMON_BLOCKS = YES;
				GCC_OPTIMIZATION_LEVEL = 0;
				GCC_PREPROCESSOR_DEFINITIONS = (
					"DEBUG=1",
					"$(inherited)",
				);
				GCC_WARN_64_TO_32_BIT_CONVERSION = YES;
				GCC_WARN_ABOUT_RETURN_TYPE = YES_ERROR;
				GCC_WARN_UNDECLARED_SELECTOR = YES;
				GCC_WARN_UNINITIALIZED_AUTOS = YES_AGGRESSIVE;
				GCC_WARN_UNUSED_FUNCTION = YES;
				GCC_WARN_UNUSED_VARIABLE = YES;
				IPHONEOS_DEPLOYMENT_TARGET = 15.0;
				MTL_ENABLE_DEBUG_INFO = INCLUDE_SOURCE;
				MTL_FAST_MATH = YES;
				ONLY_ACTIVE_ARCH = YES;
				SDKROOT = iphoneos;
				SWIFT_ACTIVE_COMPILATION_CONDITIONS = DEBUG;
				SWIFT_OPTIMIZATION_LEVEL = "-Onone";
			};
			name = Debug;
		};
		06495D212771C9B90003D502 /* Release */ = {
			isa = XCBuildConfiguration;
			buildSettings = {
				ALWAYS_SEARCH_USER_PATHS = NO;
				CLANG_ANALYZER_NONNULL = YES;
				CLANG_ANALYZER_NUMBER_OBJECT_CONVERSION = YES_AGGRESSIVE;
				CLANG_CXX_LANGUAGE_STANDARD = "gnu++17";
				CLANG_CXX_LIBRARY = "libc++";
				CLANG_ENABLE_MODULES = YES;
				CLANG_ENABLE_OBJC_ARC = YES;
				CLANG_ENABLE_OBJC_WEAK = YES;
				CLANG_WARN_BLOCK_CAPTURE_AUTORELEASING = YES;
				CLANG_WARN_BOOL_CONVERSION = YES;
				CLANG_WARN_COMMA = YES;
				CLANG_WARN_CONSTANT_CONVERSION = YES;
				CLANG_WARN_DEPRECATED_OBJC_IMPLEMENTATIONS = YES;
				CLANG_WARN_DIRECT_OBJC_ISA_USAGE = YES_ERROR;
				CLANG_WARN_DOCUMENTATION_COMMENTS = YES;
				CLANG_WARN_EMPTY_BODY = YES;
				CLANG_WARN_ENUM_CONVERSION = YES;
				CLANG_WARN_INFINITE_RECURSION = YES;
				CLANG_WARN_INT_CONVERSION = YES;
				CLANG_WARN_NON_LITERAL_NULL_CONVERSION = YES;
				CLANG_WARN_OBJC_IMPLICIT_RETAIN_SELF = YES;
				CLANG_WARN_OBJC_LITERAL_CONVERSION = YES;
				CLANG_WARN_OBJC_ROOT_CLASS = YES_ERROR;
				CLANG_WARN_QUOTED_INCLUDE_IN_FRAMEWORK_HEADER = YES;
				CLANG_WARN_RANGE_LOOP_ANALYSIS = YES;
				CLANG_WARN_STRICT_PROTOTYPES = YES;
				CLANG_WARN_SUSPICIOUS_MOVE = YES;
				CLANG_WARN_UNGUARDED_AVAILABILITY = YES_AGGRESSIVE;
				CLANG_WARN_UNREACHABLE_CODE = YES;
				CLANG_WARN__DUPLICATE_METHOD_MATCH = YES;
				COPY_PHASE_STRIP = NO;
				DEBUG_INFORMATION_FORMAT = "dwarf-with-dsym";
				ENABLE_NS_ASSERTIONS = NO;
				ENABLE_STRICT_OBJC_MSGSEND = YES;
				GCC_C_LANGUAGE_STANDARD = gnu11;
				GCC_NO_COMMON_BLOCKS = YES;
				GCC_WARN_64_TO_32_BIT_CONVERSION = YES;
				GCC_WARN_ABOUT_RETURN_TYPE = YES_ERROR;
				GCC_WARN_UNDECLARED_SELECTOR = YES;
				GCC_WARN_UNINITIALIZED_AUTOS = YES_AGGRESSIVE;
				GCC_WARN_UNUSED_FUNCTION = YES;
				GCC_WARN_UNUSED_VARIABLE = YES;
				IPHONEOS_DEPLOYMENT_TARGET = 15.0;
				MTL_ENABLE_DEBUG_INFO = NO;
				MTL_FAST_MATH = YES;
				SDKROOT = iphoneos;
				SWIFT_COMPILATION_MODE = wholemodule;
				SWIFT_OPTIMIZATION_LEVEL = "-O";
				VALIDATE_PRODUCT = YES;
			};
			name = Release;
		};
		06495D232771C9B90003D502 /* Debug */ = {
			isa = XCBuildConfiguration;
			buildSettings = {
				ASSETCATALOG_COMPILER_APPICON_NAME = AppIcon;
				ASSETCATALOG_COMPILER_GLOBAL_ACCENT_COLOR_NAME = AccentColor;
				CODE_SIGN_STYLE = Automatic;
				CURRENT_PROJECT_VERSION = 1;
				DEVELOPMENT_TEAM = P5TG9EFL5D;
				GENERATE_INFOPLIST_FILE = YES;
				INFOPLIST_FILE = bob/Info.plist;
				INFOPLIST_KEY_UIApplicationSupportsIndirectInputEvents = YES;
				INFOPLIST_KEY_UILaunchStoryboardName = LaunchScreen;
				INFOPLIST_KEY_UIMainStoryboardFile = Main;
				INFOPLIST_KEY_UISupportedInterfaceOrientations_iPad = "UIInterfaceOrientationPortrait UIInterfaceOrientationPortraitUpsideDown UIInterfaceOrientationLandscapeLeft UIInterfaceOrientationLandscapeRight";
				INFOPLIST_KEY_UISupportedInterfaceOrientations_iPhone = "UIInterfaceOrientationPortrait UIInterfaceOrientationLandscapeLeft UIInterfaceOrientationLandscapeRight";
				LD_RUNPATH_SEARCH_PATHS = (
					"$(inherited)",
					"@executable_path/Frameworks",
				);
				MARKETING_VERSION = 1.0;
				PRODUCT_BUNDLE_IDENTIFIER = ios.swift.bob;
				PRODUCT_NAME = "$(TARGET_NAME)";
				SWIFT_EMIT_LOC_STRINGS = YES;
				SWIFT_VERSION = 5.0;
				TARGETED_DEVICE_FAMILY = "1,2";
			};
			name = Debug;
		};
		06495D242771C9B90003D502 /* Release */ = {
			isa = XCBuildConfiguration;
			buildSettings = {
				ASSETCATALOG_COMPILER_APPICON_NAME = AppIcon;
				ASSETCATALOG_COMPILER_GLOBAL_ACCENT_COLOR_NAME = AccentColor;
				CODE_SIGN_STYLE = Automatic;
				CURRENT_PROJECT_VERSION = 1;
				DEVELOPMENT_TEAM = P5TG9EFL5D;
				GENERATE_INFOPLIST_FILE = YES;
				INFOPLIST_FILE = bob/Info.plist;
				INFOPLIST_KEY_UIApplicationSupportsIndirectInputEvents = YES;
				INFOPLIST_KEY_UILaunchStoryboardName = LaunchScreen;
				INFOPLIST_KEY_UIMainStoryboardFile = Main;
				INFOPLIST_KEY_UISupportedInterfaceOrientations_iPad = "UIInterfaceOrientationPortrait UIInterfaceOrientationPortraitUpsideDown UIInterfaceOrientationLandscapeLeft UIInterfaceOrientationLandscapeRight";
				INFOPLIST_KEY_UISupportedInterfaceOrientations_iPhone = "UIInterfaceOrientationPortrait UIInterfaceOrientationLandscapeLeft UIInterfaceOrientationLandscapeRight";
				LD_RUNPATH_SEARCH_PATHS = (
					"$(inherited)",
					"@executable_path/Frameworks",
				);
				MARKETING_VERSION = 1.0;
				PRODUCT_BUNDLE_IDENTIFIER = ios.swift.bob;
				PRODUCT_NAME = "$(TARGET_NAME)";
				SWIFT_EMIT_LOC_STRINGS = YES;
				SWIFT_VERSION = 5.0;
				TARGETED_DEVICE_FAMILY = "1,2";
			};
			name = Release;
		};
		06495D262771C9B90003D502 /* Debug */ = {
			isa = XCBuildConfiguration;
			buildSettings = {
				ALWAYS_EMBED_SWIFT_STANDARD_LIBRARIES = YES;
				BUNDLE_LOADER = "$(TEST_HOST)";
				CODE_SIGN_STYLE = Automatic;
				CURRENT_PROJECT_VERSION = 1;
				DEVELOPMENT_TEAM = P5TG9EFL5D;
				GENERATE_INFOPLIST_FILE = YES;
				IPHONEOS_DEPLOYMENT_TARGET = 15.0;
				LD_RUNPATH_SEARCH_PATHS = (
					"$(inherited)",
					"@executable_path/Frameworks",
					"@loader_path/Frameworks",
				);
				MARKETING_VERSION = 1.0;
				PRODUCT_BUNDLE_IDENTIFIER = ios.swift.bobTests;
				PRODUCT_NAME = "$(TARGET_NAME)";
				SWIFT_EMIT_LOC_STRINGS = NO;
				SWIFT_VERSION = 5.0;
				TARGETED_DEVICE_FAMILY = "1,2";
				TEST_HOST = "$(BUILT_PRODUCTS_DIR)/bob.app/bob";
			};
			name = Debug;
		};
		06495D272771C9B90003D502 /* Release */ = {
			isa = XCBuildConfiguration;
			buildSettings = {
				ALWAYS_EMBED_SWIFT_STANDARD_LIBRARIES = YES;
				BUNDLE_LOADER = "$(TEST_HOST)";
				CODE_SIGN_STYLE = Automatic;
				CURRENT_PROJECT_VERSION = 1;
				DEVELOPMENT_TEAM = P5TG9EFL5D;
				GENERATE_INFOPLIST_FILE = YES;
				IPHONEOS_DEPLOYMENT_TARGET = 15.0;
				LD_RUNPATH_SEARCH_PATHS = (
					"$(inherited)",
					"@executable_path/Frameworks",
					"@loader_path/Frameworks",
				);
				MARKETING_VERSION = 1.0;
				PRODUCT_BUNDLE_IDENTIFIER = ios.swift.bobTests;
				PRODUCT_NAME = "$(TARGET_NAME)";
				SWIFT_EMIT_LOC_STRINGS = NO;
				SWIFT_VERSION = 5.0;
				TARGETED_DEVICE_FAMILY = "1,2";
				TEST_HOST = "$(BUILT_PRODUCTS_DIR)/bob.app/bob";
			};
			name = Release;
		};
		06495D292771C9B90003D502 /* Debug */ = {
			isa = XCBuildConfiguration;
			buildSettings = {
				ALWAYS_EMBED_SWIFT_STANDARD_LIBRARIES = YES;
				CODE_SIGN_STYLE = Automatic;
				CURRENT_PROJECT_VERSION = 1;
				DEVELOPMENT_TEAM = P5TG9EFL5D;
				GENERATE_INFOPLIST_FILE = YES;
				LD_RUNPATH_SEARCH_PATHS = (
					"$(inherited)",
					"@executable_path/Frameworks",
					"@loader_path/Frameworks",
				);
				MARKETING_VERSION = 1.0;
				PRODUCT_BUNDLE_IDENTIFIER = ios.swift.bobUITests;
				PRODUCT_NAME = "$(TARGET_NAME)";
				SWIFT_EMIT_LOC_STRINGS = NO;
				SWIFT_VERSION = 5.0;
				TARGETED_DEVICE_FAMILY = "1,2";
				TEST_TARGET_NAME = bob;
			};
			name = Debug;
		};
		06495D2A2771C9B90003D502 /* Release */ = {
			isa = XCBuildConfiguration;
			buildSettings = {
				ALWAYS_EMBED_SWIFT_STANDARD_LIBRARIES = YES;
				CODE_SIGN_STYLE = Automatic;
				CURRENT_PROJECT_VERSION = 1;
				DEVELOPMENT_TEAM = P5TG9EFL5D;
				GENERATE_INFOPLIST_FILE = YES;
				LD_RUNPATH_SEARCH_PATHS = (
					"$(inherited)",
					"@executable_path/Frameworks",
					"@loader_path/Frameworks",
				);
				MARKETING_VERSION = 1.0;
				PRODUCT_BUNDLE_IDENTIFIER = ios.swift.bobUITests;
				PRODUCT_NAME = "$(TARGET_NAME)";
				SWIFT_EMIT_LOC_STRINGS = NO;
				SWIFT_VERSION = 5.0;
				TARGETED_DEVICE_FAMILY = "1,2";
				TEST_TARGET_NAME = bob;
			};
			name = Release;
		};
/* End XCBuildConfiguration section */

/* Begin XCConfigurationList section */
		06495CF32771C9B70003D502 /* Build configuration list for PBXProject "bob" */ = {
			isa = XCConfigurationList;
			buildConfigurations = (
				06495D202771C9B90003D502 /* Debug */,
				06495D212771C9B90003D502 /* Release */,
			);
			defaultConfigurationIsVisible = 0;
			defaultConfigurationName = Release;
		};
		06495D222771C9B90003D502 /* Build configuration list for PBXNativeTarget "bob" */ = {
			isa = XCConfigurationList;
			buildConfigurations = (
				06495D232771C9B90003D502 /* Debug */,
				06495D242771C9B90003D502 /* Release */,
			);
			defaultConfigurationIsVisible = 0;
			defaultConfigurationName = Release;
		};
		06495D252771C9B90003D502 /* Build configuration list for PBXNativeTarget "bobTests" */ = {
			isa = XCConfigurationList;
			buildConfigurations = (
				06495D262771C9B90003D502 /* Debug */,
				06495D272771C9B90003D502 /* Release */,
			);
			defaultConfigurationIsVisible = 0;
			defaultConfigurationName = Release;
		};
		06495D282771C9B90003D502 /* Build configuration list for PBXNativeTarget "bobUITests" */ = {
			isa = XCConfigurationList;
			buildConfigurations = (
				06495D292771C9B90003D502 /* Debug */,
				06495D2A2771C9B90003D502 /* Release */,
			);
			defaultConfigurationIsVisible = 0;
			defaultConfigurationName = Release;
		};
/* End XCConfigurationList section */
	};
	rootObject = 06495CF02771C9B70003D502 /* Project object */;
}
